# This file was autogenerated by uv via the following command:
#    uv pip compile requirements-security.lock --universal --python-version 3.11 --generate-hashes --no-annotate --upgrade-package msgpack --output-file requirements-security.lock
attrs==26.1.0 \
    --hash=sha256:c647aa4a12dfbad9333ca4e71fe62ddc36f4e63b2d260a37a8b83d2f043ac309 \
    --hash=sha256:d03ceb89cb322a8fd706d4fb91940737b6642aa36998fe130a9bc96c985eff32
boolean-py==5.0 \
    --hash=sha256:60cbc4bad079753721d32649545505362c754e121570ada4658b852a3a318d95 \
    --hash=sha256:ef28a70bd43115208441b53a045d1549e2f0ec6e3d08a9d142cbc41c1938e8d9
cachecontrol==0.14.4 \
    --hash=sha256:b7ac014ff72ee199b5f8af1de29d60239954f223e948196fa3d84adaffc71d2b \
    --hash=sha256:e6220afafa4c22a47dd0badb319f84475d79108100d04e26e8542ef7d3ab05a1
certifi==2026.7.22 \
    --hash=sha256:62f22742b58a1a33014a2b6b706588a8d7e2a88ae7bd1a6ebe8c992928483775 \
    --hash=sha256:741e2c3b351ddf169a738da9f2c048608ff7f2c5cc02f1ebc6b118bb090d5d55
charset-normalizer==3.5.0 \
    --hash=sha256:054420b5db984971d886e5e4e2c37c760ae6682aedbd066687ff0949d9ed5f08 \
    --hash=sha256:06f4fb62a9139bef056b8b2da6773c94c2f259f90e4b8e53b166f3d0372d7cf6 \
    --hash=sha256:076cf9d3f3c7e410295c09d96355cf3b1bcae74990034d80e4371e20fe1ba4c6 \
    --hash=sha256:07f6f42b5a6325df35b458004fb5f9f29bf502d89287a33c7cdef3590e31de0f \
    --hash=sha256:0b2e44e6d42d1a4ff78ccc219a93c5449105d10b16198d1aea581080df8073f9 \
    --hash=sha256:0b373bab0b867b68b8eb249da9478cab9181a42993437cd2f5dba5fb0b4fbd1b \
    --hash=sha256:0c8953d9d1617794cfc40d81179571c9ba3805dd029623a15c93f1fb70e60a74 \
    --hash=sha256:0cce46dd29d73e135e8087b96eb62a4aca6d69391b7f97808c6588ebed3178f3 \
    --hash=sha256:0dfe83c1b4d00abbf433998117a14f56a5c2bc68226c0d331709eed0d1ce539b \
    --hash=sha256:0f211c21aa316cb6e2662e54a1194633a79d98a50a876addacfce7ba5b34b09f \
    --hash=sha256:0f76dc0a47f94cb9b69d86f01e477f4b0371ca70208b9ccea7e063c41eed9046 \
    --hash=sha256:125ee619611019471b177c70bc3e9d4cda9fad7e01d93523501d3b188df0193a \
    --hash=sha256:1328cc57dd4372be1265f68232cee890e087416e3e6e93e6ffb32c2bad4d36a4 \
    --hash=sha256:143792a43e06dc3b27fc891948406e251502dc19ff9216cd80182b79131be5c5 \
    --hash=sha256:14f6904a3cf870abf044df3a8c4924ac6c8ef77e9896586fd37e73ae96cff2af \
    --hash=sha256:168a0cb536b5123a77bc42ecf5e0bf6f923d0d9ae43c42a14eb0677c19ac6c19 \
    --hash=sha256:17a0fd0e23961c2c017372e37aabc7ca8fceb9e10ad898977dfb40ad3927baae \
    --hash=sha256:17db18db9a1374d5b9d9a3252f980b4243b0b4efd1df03fac78bb587f6ce98cd \
    --hash=sha256:196e270c4e80827b5072eed7d6aa661d133afada94fe366669f9609e718d305e \
    --hash=sha256:19e52bda45086df8a4be4bb5910af6f5d9d3b538c78712c8ae09ef10b85bf458 \
    --hash=sha256:1a573e1e428f93908e79e04b349717f400e720f2f82285f0aaaf3ee0ff7f4c79 \
    --hash=sha256:1c010dd86d3f4c4433c9634d33ce8147393b270dfa54f217f965540b8ae8e075 \
    --hash=sha256:1cdfed4d7a59333c8220c67dd3be4e7a6c887b67453a64394022dcc919570add \
    --hash=sha256:1d366548d2ee28a8cfdcc4296363978cc644a728333be9824d2de4652e83df0a \
    --hash=sha256:1f56ce84b317ef2a59d7d3461891c7597c79247d2192bb8114c68a1a1debfcc0 \
    --hash=sha256:1f99a8c3a1da5d955edbad18208b3d627bdd54c48a6e739fa877bdca98c686d6 \
    --hash=sha256:2080aa129a28267984cdc902898993d788c995c384e285d0d19199f56760d52e \
    --hash=sha256:22a1889f1c9b752c63c36758a0c2145458e3cadb20fced7a0790002e9dd12b26 \
    --hash=sha256:2401f7671242e921e604f609d429f6b282ea4ca787a6ffd22ed7372011ddb9d1 \
    --hash=sha256:2403b489c103e9a18c835863fc6dd54361355c8291d4cafdb37492b683440b9b \
    --hash=sha256:2df26d4134948616be0ece05d0b24d621d3990f37147b5883c52052b613ef1f5 \
    --hash=sha256:301bfc4877c4f4f62b344235ecc58d06c901683801636eef819f88769c315ba2 \
    --hash=sha256:30ae26a1adcd943690dcbbc47f28be762bae9e08ad7442b78c86b1c0dd5a626c \
    --hash=sha256:3288a560dc3114d5d2ebe309b1ef43f8af355eafe25856832415c2a8196c9db3 \
    --hash=sha256:32e6d56dd825205f81e5c45bcebb4df6a11fb2bbf4969a01ef156d6ced90c224 \
    --hash=sha256:3418edd0ecb72a0a3861cf72f31be0ad9b7fe338ce2b58fb5cc80b9aeb792700 \
    --hash=sha256:3587d94b5c9f05c2dc4c3f3d47aba6375ff141a21adae3051d8d4d53e8a937c0 \
    --hash=sha256:3684ebbdffd51329ac44245d1d227d90b965797aa1a8abd026568a1f6ae88811 \
    --hash=sha256:368eb2fc9482158b3a3386e8f01fa61f479c968e9a19ceab8f0188b86b312991 \
    --hash=sha256:38a395079f229a631dece74e24c69c1f612536dd51f345a7d6a98abe2d3e047a \
    --hash=sha256:3b08ebf9488c7ff5eff038e48e6ea938178dfd9dcc8598b5ca941e4ae27b20be \
    --hash=sha256:3bfbe543d957213fc9a3db4979a8e171b7aa7504c1d737029defdb03a6095a38 \
    --hash=sha256:3cfdab178a4add5483e26a9bb1c16d8018ccf39b4be7a3aea6c3979e6828f2ee \
    --hash=sha256:3d00e18e7bbf47e332ab63903d18bae31efc701b1d8cca0382b97784a621fc44 \
    --hash=sha256:401ea6e7af9e7852ed818f64714b579c1935482049670847ca3bd7ba45dc63fb \
    --hash=sha256:420b19411959eec115063229536788e6b32d0a7fa907d6b940317919120d702d \
    --hash=sha256:4253da1b4456b633651a8d59eb1dc7a8a8fa38241014dd7c217b353e547ae394 \
    --hash=sha256:4346a693c08b1d0cfc0e3325bfb0ecd4322fb1a6904d68cf416f8da5e981b234 \
    --hash=sha256:478650a70a750d75d5add401606c77f77069c32e4ba2c9131dc6cee566962ca0 \
    --hash=sha256:48920bf6fe83eb2226756ac623fa54940487154eb18f80889d5735cf234965c0 \
    --hash=sha256:49bd5feb59b0bf3cbf6ebcf4352e371c95b9da9bacd4449f8b64d0ad2c10a26e \
    --hash=sha256:4c440122e1ea68b1f8b44a631ebf49c39180f6869b1da22d76e8a724208ec6e9 \
    --hash=sha256:4ebebb410bc517e1d284c52a123e82704b21e4e7e26a21ebecf7439d0647b8a3 \
    --hash=sha256:527e28a5e751d9e11369b9c5f9ab35c748eb9c109101920c7deb40d6eadf8d03 \
    --hash=sha256:54c963ce6404e52255b737e8a06d356fc762d59096ae566203a67cf2b7d050f2 \
    --hash=sha256:562d24ca7797c1af8852994950c2e623a907b201fc4b0ed29e92af173d3828ca \
    --hash=sha256:5780a29823e1d2bec69b7a104ead4195a43f3e97782efaedbf1f79a0157af715 \
    --hash=sha256:58ca5dc0a0ef99f2801ec0574214c978e9574055bc783830bbb6e7433218609f \
    --hash=sha256:5a4ee37248dfac25107c758bda99d545ce73e60b44d2dd39e4a2bb9f2831e9f5 \
    --hash=sha256:5a54587f93f2e289f8faf25b35c997d4cc75cf677485ac6f50c985715989f99c \
    --hash=sha256:5b81980668800dd1c69faad8aea6e85a8cee0e13bcd3bba7671695ff16260293 \
    --hash=sha256:5c23fa4f6eccdd601949cb00f3988c01d64e671d8faba356397971077022e144 \
    --hash=sha256:5e68229977b2dea28e7061c0c0630a23f2f9f6e9c6fb38d77d3d6dbfe3768b74 \
    --hash=sha256:5f51a19dc52197a20218b05ec5336d0c6b3b09935f838724722032c8d45dc91a \
    --hash=sha256:606a86c1c3196f3738de39a67a7490bbd61cb31c0e0436070bd0c6a48170b38e \
    --hash=sha256:6083d10a846218502d664375b9448508d9fa580bd834567423156c6abfbe899d \
    --hash=sha256:608553f476fca509537e804c4a71f5eb166ce63b75141f89c2c686ce1aa36956 \
    --hash=sha256:63ea0cc840c66670183578c2630d138c0e944aeadfc33f25173ee240f5db780d \
    --hash=sha256:6753de11eef42f1c321b26d682957d92c7f7bbce6530f34bbe0f9291dd37cc6f \
    --hash=sha256:68b7e84ae8239a94f8d2c8f3f3a3a81bcde54805ec8f42a34de927d155688ec6 \
    --hash=sha256:69d647cf158eb6bc9c99503292abed1f2079a2de5859f06a403f8aee6417475d \
    --hash=sha256:6abb1f356fb865baeb6ebc3fadd843e9a96fbf49b9adcca55037f3cceccb7438 \
    --hash=sha256:6c06875a1d4a7537bef70f659b55c6b55b9a47ec3ba8f2db610350c2d9915e6e \
    --hash=sha256:6c57af4084c10cb3286688d65e4c654190ff5edcbc2411d08cdca0a8a44c59a1 \
    --hash=sha256:6c95450fce59f00c6d08eff6572ec2e736e5054c9450253afd5748f8416f2eb9 \
    --hash=sha256:6da562a20a49673fe365b05750e98d03bb2c5f8b8d03562b014c1abb3df739f1 \
    --hash=sha256:6e44bc2780516b3df986d6fe33103c7080cd9dcd5576fe3cb4b0f64309c8f22b \
    --hash=sha256:70ff1c16eb0eb5ee6bb12739292347f981a5ba764cc4df1bc2e69b0405d4ac3b \
    --hash=sha256:72982d9958a42f8132bf2d6b90214ed66477295ef1188731f98ae3511c6eeb5a \
    --hash=sha256:74892fe9f33d204860e782e0a2030bb39f9f0af1e7a24f7d5a5b632df311f655 \
    --hash=sha256:75e243abbb528c1a774390ed71e3f868a9f37b1373442e4bbadd401cfc505ff4 \
    --hash=sha256:7cdded069549b5eae3d5d9bb6c2e5bb4fe83f9b81863e2a193cd747bf197aebb \
    --hash=sha256:7faa47b56070b3dd6f4898ed28528843ab130d53266cb9948d9b1f3bb1a5c5e8 \
    --hash=sha256:7ffc43fe52618fcd7abc6ee0b46aea527db10da73305fcc6aaf9710ac7a33ec7 \
    --hash=sha256:815f143a91983ba3041bba066e492ae3c42de523fb1c699685a1abf3313b7d1b \
    --hash=sha256:826a295a039178479a325be1ae60eded1f0b10f7dda749df59e2440de8f61d64 \
    --hash=sha256:82cc5835997ec78afe293a192e385099355770a7db94b2fb1239d36b32796f1c \
    --hash=sha256:830c04a49998b5ed58c8b642c65b7b26419397f52392a64121ba9fd0e95e7f9f \
    --hash=sha256:83b62410bd36bb1178a7d563e2ee0cf21eb1c980c912ab99c2c78f06227f1731 \
    --hash=sha256:84b736e3b391601bc47b86da381c749c0f894e9191aaca9f31f30c2632206df3 \
    --hash=sha256:85f9e0e2724bbddf05de65e5fb03b73eb23e985b7df4259c1d19feb302eb8dc2 \
    --hash=sha256:8b3e9e29b8b07cc461b9ce7768db7693a93979d0dadf22046f6f3555ded2f516 \
    --hash=sha256:8b8788f114845c01f2b520e0b91ea58d143276cfc0483aa943e815f7b9555c15 \
    --hash=sha256:8cb9b6892b53bd6d11fa4cde3dbee020b1f0b6656be1fbaa1ec0d4324a7839db \
    --hash=sha256:8efc3f1563ed431882dd0dc0411b5f8ace1b1b89074981deaf6bd8af77dbe1bc \
    --hash=sha256:8f006866047c6ec4b627ec144b1e0bbc7427cb31fd7c08d19897d0ac9032af3d \
    --hash=sha256:91f9f7c151e772acebe489eaec96e96a2877202d7dd144e3f96b8676881715a0 \
    --hash=sha256:9491f594859b68052edebd69e05fb045055a713b57a67974e6c1553b4e503c39 \
    --hash=sha256:96720f2aeed3434bc48f4d52fbad64ecc820cfed88915d664780ed9ba09ede78 \
    --hash=sha256:96ae7ab5d8155fde927aa0864fbc8ba3cc4fde6d41ab0c7cea9d6012b4978603 \
    --hash=sha256:98820e1ceb25c6df7a80c4fd8efa59cb121f99bc7c4c1693ad94a2caff5b311d \
    --hash=sha256:993dfcbe75a85a3784abb5084f2c41b915767c90546fcc92803cffa28611baea \
    --hash=sha256:9a1d9b13e5e394e13e3c316f0d910d100b17681ff59797f30da1dba032061296 \
    --hash=sha256:9bb3e0d1345b9c0fe73673ea656375f38a78ec679c2edeae0c24800f04798a85 \
    --hash=sha256:9ce0f885239357379d92fd9a5fddbe20f0e30e0527c29ba69f8e99eeb1304a76 \
    --hash=sha256:9e0213f3f8a2674a6778be299aea1d6dc6dda015aab86f683bca6d78f81f27bb \
    --hash=sha256:9e726478d7a213847860219d74665a6892a643ac93b8f76580f6cf9ed39996b7 \
    --hash=sha256:a17864853f7c518ae7d4b368af98f427f9396805476af40af8698560f09d7d97 \
    --hash=sha256:a284c36b9c6616bf0a8aa4aabba668a0c75ba65ccf40a79868aeaa69ad996897 \
    --hash=sha256:a3ad0e3da22852533858663848608f3f24c0d35e5cde415a4903476f2b4c88ec \
    --hash=sha256:a5613a3a82c974227bde18f03409e30c467f8065cb56d822e3eb83708a5f223d \
    --hash=sha256:a565303d118ea3b94a4b6c076bf568069726be414e43b06d58f7070b076ce11d \
    --hash=sha256:a60773eb5fda796e6e6f76b9c152d270fe59f9788a51a6ff8ba44082d8548ae4 \
    --hash=sha256:a7cb4cd266bd85613367fb85a30cfbf6fe6349919e87e18ca8dba584951bfb8a \
    --hash=sha256:a864bdcacd8bff58bb4845304e031f821a3ec64b2b7259f2d409cd49c9e59ca3 \
    --hash=sha256:ac5a9cc079c67d75f4ddf343276031879eadbb333d1bb231cce297b8d7b9aae8 \
    --hash=sha256:ac68ebfa549cc623e0e9add2937526340c629ccf667b4da85b7ef5f99e70bbd9 \
    --hash=sha256:aff38231e3171c578b2c449a01afa44e9ff40844597a32873da102394f63d28e \
    --hash=sha256:b476cdb63df22da2b91837593380be3ddbe406f36c506c1c91d80e7196b66288 \
    --hash=sha256:b787efadba00f5da6fe89513bfbe3852d52ca3a448fdec165765cb3b44a80248 \
    --hash=sha256:b7eb3eab5c646d3de7dcb14a7c9caebace5249c5767da39e1761cb1576e521a3 \
    --hash=sha256:b8ea208b304587d47931b36481342d20336e0d338ab052f8b4305926482598d6 \
    --hash=sha256:bf1e75dc07a3850b53d1e5f75e04d3ae12afe56284be7821771eaa2466350c73 \
    --hash=sha256:bf91921009025e96ce57a03ced6d14604fc3baf0530351638e9504a55da6fa3b \
    --hash=sha256:c387c6bf91b4774e359a48a179e2872b8e8bf741e4fde06ba8d1665eb9a4760a \
    --hash=sha256:c38d1e9bc2073b0984d2099ea647fd7f6c0d8f83a1e14e0cd32926f16e4c44ce \
    --hash=sha256:c41b067eddcfa5ee6b1169c287605be7fb6b0ea22bba6474c5bb978a668def4f \
    --hash=sha256:c455829625df983f716cbaecbba77f2d1dc2e0e0ed1638c059cece15a279344b \
    --hash=sha256:c54036a518748b6c02e666f6d46c3817561998fb904c3be25b56fb4fe3dc5706 \
    --hash=sha256:c5c6d47a865147e0ae3322ce92e7fb52ba3169d94b447deda56897ea2aa6fac9 \
    --hash=sha256:c5e981a5ac8641381efe6f0029467500661616a530d27bc6eedfe45f840599f8 \
    --hash=sha256:c75191e3c8052045179646cb40e280800a4e0bdfda34d9c949c2f268d44e80e4 \
    --hash=sha256:c825661dfcf843119ab57cdcac0df7a48e168764c66917bc74f9a42ecb096da9 \
    --hash=sha256:c9bde7a960720c8b8e1b5ef7afaa0c9a2f3b55c44abd635b2b29dd066b298e3a \
    --hash=sha256:c9f45186390aee4d1f26f723c615b67df346766c3b16df000d84d6e374f06757 \
    --hash=sha256:d016dc857136c726958102c3b8a3986acdc65ace6fbf12cfdc09cc4bfa2935b2 \
    --hash=sha256:d08952c0f14eb56d9dad72a2e17773b5f709c55b28635822d18c4adf38680833 \
    --hash=sha256:d22a083497d2f7d06a57172c5b60ee66cedcf304fde5226d4dfdc94f6180f5b1 \
    --hash=sha256:d2478bd3b2ead3962a484fb802891be40d10049fb74f83e09cb4463fad023fea \
    --hash=sha256:d54625cbf4e6b60bf0639728cb8b4cb541e340f6d7cafae5806051a40ddf4c45 \
    --hash=sha256:d6100f877d2ed95f0856a3fde25334153add94bf2224c43f45f88e7039262aaa \
    --hash=sha256:d672f329ae504ee240eb39b6effb3318aa8e7e8924c0ce8eee5760b3fad98539 \
    --hash=sha256:d7229a99120c6c2792d96f4857c2648ce5530e93667a2c2388c5ef69a6b84775 \
    --hash=sha256:d74bcf1cdd8ac8267fb216473ce6b112efa07b163536288094541415084d131c \
    --hash=sha256:d788e2ded0c4c47efa4d73cfe59eaf975ee32f425219873d2cb3e3fbaa00f636 \
    --hash=sha256:d867cefea33acad8e33a3eb408cca7889a9cf999bd5433d962089d5a13b6e75f \
    --hash=sha256:d8a9316f4da85e937242642b537c6d55d7e9287dd38e5634732f8233932aff45 \
    --hash=sha256:d90254c8f609338c53ec180fcd4c4f9c16502e238e3fc88ca7fd4c2f38d445b8 \
    --hash=sha256:d9419f44e568f7fafcdc0b3b5c766a2364e705a9b34fb8a56b431e0d1f3f4258 \
    --hash=sha256:d95244906ed69d0f79f190893c65e336c15959003e21449256dc05c001b52ea2 \
    --hash=sha256:dc28949de1bb5f7f30a46f15d74ce7ac5aaa63e03c5de04d68f571c7423af834 \
    --hash=sha256:dc7f6aca0bdac5e6520c8b6769bda69315fe7cb57f69885f115bc8ca02d1d022 \
    --hash=sha256:deb99535e9bf0bea8e274c6413eb939a21be35a3f492678dba4d5b1f4d70f142 \
    --hash=sha256:e31786a947b136329bfdc458c82c06d4ec539b4a4436b7da4df4aafc9902ee80 \
    --hash=sha256:e3b9eaa99a6d8c9ace4cd303915947ef55088d4cd87c6676874f98c5c03aa040 \
    --hash=sha256:e46a37ea7fcf9ae01d71b2e5ece19f1565987f3e308394b829197cbefc061f92 \
    --hash=sha256:e4e8fa586df2208ef040684751345f10f503834a757c9a74ecd19c1a2f9b1ccd \
    --hash=sha256:e54dd1a66fa4bce0ccaf0db9dde336e49b3eec646dc4c1c0991279369d373a14 \
    --hash=sha256:e5f834965c2fe589837bac1002e07e25734ff70381903ccd95b3d649e22bfa40 \
    --hash=sha256:ec6c464cf45867f66a2273e2214d9199a8fbad5cb95ca0fd45f6a2fe1d9d2cf4 \
    --hash=sha256:f044cb1cf44012184715f46584658993b5fee9344d71c4b0c455a17a299730c0 \
    --hash=sha256:f0fde5e5100c735b2274ab898f0742a5dcde492796296cfbe7e0ad6a4cd1a396 \
    --hash=sha256:f1619a3cc174a7e3963dd34348e6fceb6e50db0ddeb0031bd7c73a58286454fa \
    --hash=sha256:f278e131afa96a3622cef9211c406ea2ad1b68eb06f8837cd443684a40e0ae50 \
    --hash=sha256:f2ce3d39fb4a9d674e6639dd5d3146b2e273475d2260f10163228d66fc04433d \
    --hash=sha256:f7496aed56b06325a1ad419c5bf23c6dd042558e874f71dd1b958f3e255f3053 \
    --hash=sha256:f8cd1283a9fe6c2065c807e9d5da81afe5e1e004caef39adc0d8ae86dd883698 \
    --hash=sha256:f9f91d3e8382900f3a68fa0ce94294479de9cd2de6bc0c70acd0f0dfd511836b \
    --hash=sha256:fd68c825548a611158230e2f9222e210ceb2e3391995c0aa5865cbdf3ab4bd49 \
    --hash=sha256:fded2e82ff082e5d8e017e2ddcc1411bd8cb83b8585097fc401ef574f756b888 \
    --hash=sha256:fec352b793cdc183cc9e7e0b6c10fd7bff38ec54ba44cc43599b9b56f7f3db2e \
    --hash=sha256:ffdd7ac514301d0a67f7c23b9f2b431ef909a3c3dd6c3766668d0a6f5900c94e
cyclonedx-python-lib==11.11.2 \
    --hash=sha256:1995edc423a813dde2bb839eea48ec1c8e1ad0861a2e11601ee249762cd135bd \
    --hash=sha256:da00c77410566db3197e64a0e7f22065341277a5b91a41b984256c8a6f58ac8c
defusedxml==0.7.1 \
    --hash=sha256:1bb3032db185915b62d7c6209c5a8792be6a32ab2fedacc84e01b52c51aa3e69 \
    --hash=sha256:a352e7e428770286cc899e2542b6cdaedb2b4953ff269a210103ec58f6198a61
filelock==3.32.2 \
    --hash=sha256:87dd94cf281e586d135fa51132b8e3d9a598b316e90377a288663c9321036c82 \
    --hash=sha256:c33351e1f49cae33414acbc6d56784e6ecee82514ec90795da1161fc4836b5b8
idna==3.18 \
    --hash=sha256:7f952cbe720b688055e3f87de14f5c3e5fdaa8bc3928985c4077ca689de849a2 \
    --hash=sha256:ffb385a7e039654cef1ab9ef32c6fafe283c0c0467bba1d9029738ce4a14a848
jsonschema==4.26.0 \
    --hash=sha256:0c26707e2efad8aa1bfc5b7ce170f3fccc2e4918ff85989ba9ffa9facb2be326 \
    --hash=sha256:d489f15263b8d200f8387e64b4c3a75f06629559fb73deb8fdfb525f2dab50ce
jsonschema-specifications==2025.9.1 \
    --hash=sha256:98802fee3a11ee76ecaca44429fda8a41bff98b00a0f2838151b113f210cc6fe \
    --hash=sha256:b540987f239e745613c7a9176f3edb72b832a4ac465cf02712288397832b5e8d
license-expression==30.4.4 \
    --hash=sha256:421788fdcadb41f049d2dc934ce666626265aeccefddd25e162a26f23bcbf8a4 \
    --hash=sha256:73448f0aacd8d0808895bdc4b2c8e01a8d67646e4188f887375398c761f340fd
markdown-it-py==4.2.0 \
    --hash=sha256:04a21681d6fbb623de53f6f364d352309d4094dd4194040a10fd51833e418d49 \
    --hash=sha256:9f7ebbcd14fe59494226453aed97c1070d83f8d24b6fc3a3bcf9a38092641c4a
mdurl==0.1.2 \
    --hash=sha256:84008a41e51615a49fc9966191ff91509e3c40b939176e643fd50a5c2196b8f8 \
    --hash=sha256:bb413d29f5eea38f31dd4754dd7377d4465116fb207585f97bf925588687c1ba
msgpack==1.2.2 \
    --hash=sha256:06d95f61de7afe4f4ff908a6feebfcb070d0582ac87c9cf3cedf8551cf634516 \
    --hash=sha256:0708afbf6a9587f0bfe479a9825c141d14d91e2f6a5c8103cf28bc96f4edb5d9 \
    --hash=sha256:0883a1578168929fd1640fbbc4614773f1a130e419a8a817dc2918d9af1b651c \
    --hash=sha256:0a652ceeededf71d3fa40c303a02a149d42338d310162367b91c539d4bd6e0a3 \
    --hash=sha256:0dd9173c5ebaf5ecc5ca86e7ae1db92934e1d57b856f3dd90698941431f4fd77 \
    --hash=sha256:0e3315de5a4b2920ccef48d96b4448025e064a10d0f5a250f6584477d839c8d4 \
    --hash=sha256:0e91332144f69bc3018c91232fac26da580ef748fb8eaddd7914d4458001cc4f \
    --hash=sha256:0fbc1bed8a535389b41882cfae66376e248cd1680eaa94fd83193c73e1d24986 \
    --hash=sha256:11e8c421e117d1c36728b423d0402555cccbf0c6f53e288f0e75b6b12100d70f \
    --hash=sha256:1510f24612d4b983dff6935d9273e02c320cfd525727fbcb58836a75f589fdbc \
    --hash=sha256:1814f92306ae7862908e9ece7cfd90e0dc87ded3e89b6ae7ffdd1175d6376fdc \
    --hash=sha256:1e8cdd1f3e7cc52c751092a9bf740e81e6919ab109cd376ae2d965dad0bbae34 \
    --hash=sha256:1f3af0baafd184436501004828bb3df64eeb2fc49dfe9d89abcf604956094563 \
    --hash=sha256:1f6b6f8deb07d49090e1808c6ef9cb7d23ca17bef3aa6ed3e5e03df16606e60c \
    --hash=sha256:226a62ffe99fe54c5c61d910ec64c3449b7766c3280bd286bf6c94838dde239a \
    --hash=sha256:29cc2d5291711a52956a79a51f41c732329df39ad727c886bd8f0b5b9237a808 \
    --hash=sha256:336525cc2688e43ea77dfb1a4ce012c8cde561835913801dbfcfdcf4111d8abb \
    --hash=sha256:34e83e345194a2a51d8bd447dea9de2104f91e75b247f4735f14f04529f0746b \
    --hash=sha256:352ed831042549cca8be23780e1fe7c9177e65ff02bf183509c4b4d33f671782 \
    --hash=sha256:3e915d390d7068b257ca8b62f3fc59fad135c8631d1017ab03b0b924b07c5367 \
    --hash=sha256:419a45c67a5c04213172a14b1864657e014665b77d7081b107a51707923dd39e \
    --hash=sha256:42fd9260416885b4815caca5bdd14dfd5dda6cdade732d6c09104ef8f6228761 \
    --hash=sha256:46ec851571d8f1b6e29794ebb9dd36f785008da6d14f57c702e60781d6caf648 \
    --hash=sha256:4710d881d8fb047deed2485707409116722af2b992d3fefd73c7667c4e350839 \
    --hash=sha256:4955accbd87f27beebef5f3ecc27503aa74cb016fb4f640868e749fd93194a35 \
    --hash=sha256:4a4348705be86e029d04e741cf9ed0dfe03e942d7d3b92e838fa80d3aa2c3ebc \
    --hash=sha256:4b554d8164ebb526892194f71dcd96ef1fefe0c250087498785d3ffc04a80be3 \
    --hash=sha256:4d9a562aec0a92fe536da2e533d313b3d2a6b929157b1dec7ff623446dc0a8ab \
    --hash=sha256:51dd39d23cfdea0400ed3ff2d29d1e83bd951d3aea79dc89be5b701a09edfe23 \
    --hash=sha256:53679573c75cce5f82359e0bd4e6a97809a6b9a9b7a48fd1ba592f4a82cddc84 \
    --hash=sha256:55faa6f8395e23b848c535ad5dcb96b3462f37f5e7f4ac500d500434f7345da7 \
    --hash=sha256:58ce37a4a54577115922385d37201d9a44d66d0167dfbbf4770a2e9bf8ea7ba3 \
    --hash=sha256:59d5b93efa45fd09f620d0c9ba81cde339a2c9937af3eea42ee9653094ce6640 \
    --hash=sha256:6195257a107bf25872ef84aab7295078271eea3ac6413f0506b631f6c9586ed5 \
    --hash=sha256:652d1bf13d01bac8fd569def0fe76745e55bcda01e30aa6332d5947ea3788839 \
    --hash=sha256:682804bf31e43d46e51a9a33bd575b51e839d715ce6bd5612c055f7b28ad637b \
    --hash=sha256:68df2947921d449f6dcfeafd86cb2cdde13327a8b447534bbe4ee5aaf32a5695 \
    --hash=sha256:6f53285f20d592ed309ee19e509cc4c77a3bda1db02ad67e8a0949bb227a5a6d \
    --hash=sha256:73b0e05c32c3cfc3cd84994908e57430c0ebc6813abf905d3f18ff115d54df3f \
    --hash=sha256:77c2e018417dc1d66f235e383877ee885b60ade9d29e494dd581e08af2cb1923 \
    --hash=sha256:7826f16edc763e768404f55605ef85dfcf5857e729c1ed29e0d7c180be4fe6d8 \
    --hash=sha256:7afa5431f6f3487c584187ca6c8e2a34e9b106529893b3e720eabb068f6ac970 \
    --hash=sha256:7d095df2627e5dd59ac7b0c5ad627a671c76e6020171e03cbe4621a61f0562c3 \
    --hash=sha256:7fe374ba76eb0ecca13a1703daa8fa85825a6ddddbb52d4c1a732fa524194683 \
    --hash=sha256:82b1bdf293267afaadcc608b125e7fc6576bb0785a60c4fa7d07c7ab76ed76ec \
    --hash=sha256:86f173a584f72f6164801f31866d22a581f60c991572cf922aed9ab8eb422b77 \
    --hash=sha256:8b1415d02e9bf722672af8a90f90813265a0cd0b14163187261e54a5592bc949 \
    --hash=sha256:8b2a281b556f120a43e591ea39915741b7ad54d4727b9c4350a0a11692252533 \
    --hash=sha256:8c6321a414f8b4a8dc43976b2fa8349156434ca9adedd9a187b796f7e1d3d3fc \
    --hash=sha256:8dc4487097571f7311188c3eca2a3e86cd1f1db4c37c7a017bcc3fd38486cbfe \
    --hash=sha256:90986cc9aab9d7d1d8f38bcbf65d3f7ac83bdd90c35765db7d691b4829698cba \
    --hash=sha256:9352e6cdb510a7b1a5d3ccaccec730e82e50cf3484a3af7bdaab19e23b9589ff \
    --hash=sha256:935b1cfad9b908b0fa845010f4271df4c2f04e1cd26e3f18acd61a45f93c9e36 \
    --hash=sha256:9b659d77f8726fa5e7038967dda6b68d53cf34472c094cfa5b845454713b90d5 \
    --hash=sha256:9bd3d1557c3fe1a095068210708a03e3e4795973392af6f4047060e70abd9a6c \
    --hash=sha256:9bf452ff4d4981f25a18e9476e002bcc9263e7928024aa4d7148e25f7be3f929 \
    --hash=sha256:9d7fb25b4442fae0cb2590272d06ab4f6caa526ee36a994edb81e946b874813e \
    --hash=sha256:9db1ba1c1e6a84245a9dd866265b56b8a1e9461549cc72ed296d8cbfbd32961b \
    --hash=sha256:9eb0b0e602064527a045ea28c4f174ed69383587e29cebe28947e3b84106eb2a \
    --hash=sha256:9fd7f32e2f0fb334e7ecc5adb5cf0458785bd3a9d9d86f950e1715f101cebce5 \
    --hash=sha256:a378e12ccc06d76efde115caf4073b7e5ff3cc18291d1341f9e65fb882e3f754 \
    --hash=sha256:a4161eee7799863aee237c35c90427861f7b994416dd81ae829f560b0a81bdcd \
    --hash=sha256:a9b4cf3685a135666d27d0d7a73fece74e2fad01d9b508fded89e843512f0e90 \
    --hash=sha256:aa1120c653b76d8eafa50423b5eba06b5c9737f8692c74fa3afe03e84b8978ea \
    --hash=sha256:b07c03f0da7e5279170df7745ddc732d526c8a198208936ec1a95c11ed2b2d5f \
    --hash=sha256:b13b59e66f107cca1ba708dd5307179870ca1b15b19fcee7ccf722e5308d9212 \
    --hash=sha256:b542ffc0a5c531eedc40419f291f1bd659aa8d4223408a5b51c88a2796083fd3 \
    --hash=sha256:b5c696ae7cd7166b3657261adb855b461ff31f07823fdbae9de8bf80adfccc21 \
    --hash=sha256:b68614fba0570349833b7dd999ff0aed4e5cc8d9eb6e3a7d4527be33c65e33d3 \
    --hash=sha256:b8dd6c71d20c28d2d0eb0c51e7cccf3584afde3b1364f6629596186c9025bd54 \
    --hash=sha256:b9b0c1f2aa7b0026b4bd50718100e8b04175e4f36e160aa852502377b5e572e7 \
    --hash=sha256:c522420d78db2431887d45b518e304d86e27b9ad0b30f24e3806a6ad5d8bdbfc \
    --hash=sha256:ccfd880988f8438d1c91c77d7edc58e70f4d2012e999167bc154c64c6f06ea6b \
    --hash=sha256:cdb6cc6e1127d15879c47a8b3270716243da82d3e7feab1f5946872c75b3d60f \
    --hash=sha256:cf66fb38703e61a486b01b56d43bb1f50698fbe99b6bd90feba10f24fab60b3b \
    --hash=sha256:d13d07efbf655f9ae7a2352b630c52727b359005b21ba08a507585c9ac8c0896 \
    --hash=sha256:d242f3c4ccf55b056e6cf901720dccde58f1df117898f2bbf3bcd6e38ec7c248 \
    --hash=sha256:d24b38a825bcca41bb956de50eb98451ef291304a8607fad99e619043d3e79b9 \
    --hash=sha256:d3c247d457ae9079974c7ce3c665396754a6d2baff7eaa51332212a8a5a3f13b \
    --hash=sha256:d886baa46b2532135e7320067e6a44edb09ba5883a6096b0f9c044533984b8a8 \
    --hash=sha256:e05a94a0442de86818a30281c6cc2cb9cc7aa148386fd3541c4d4774b73cb3a9 \
    --hash=sha256:e1b99ad34613d5f8477fa5cf99bc4eaeaf27965588007c102370cd9a78fe9de5 \
    --hash=sha256:e2eb7ea0ac3911a7aac9d8aaa36d40f216d99455b3274cd3fac38181bcd910cf \
    --hash=sha256:e497ee34e8a3342bbde51b27c22d8db05a651df3361dd3daef5b3ab0d66f3e04 \
    --hash=sha256:f11e09f10210a91c169e39c7a5a1f9090eaa73ad75555fafad5023c3053c47ba \
    --hash=sha256:f466049b8e1ec0854287bbe9a074316826fe0e08dcf707245f98b1ae49e92650 \
    --hash=sha256:f80361592c13d7226b4379c8941529b63fe1a9d0e05d2de8f3306b70e522b53f \
    --hash=sha256:ffdd2f4950daf7815490f23087963e3420175b9609520b7ff5df64d351159c22
packageurl-python==0.17.6 \
    --hash=sha256:1252ce3a102372ca6f86eb968e16f9014c4ba511c5c37d95a7f023e2ca6e5c25 \
    --hash=sha256:31a85c2717bc41dd818f3c62908685ff9eebcb68588213745b14a6ee9e7df7c9
packaging==26.3 \
    --hash=sha256:94edc256424af38762eb31306eed28beb9f0efc50a8837492c9d6fd6004aed79 \
    --hash=sha256:d7193f7c8e4e93f444fde0262bf90af30e16fa0ad0ad44cb553c87339b23cd1c
pip==26.2.1 \
    --hash=sha256:71138adf1f4ca900cdb7d289c21b7494329f2332b6d85f0e1c42108c0384ed3e \
    --hash=sha256:f6ad667e89a1fe78046c8f13232b247200f5258d7828f3f7883d660878e0813f
pip-api==0.0.34 \
    --hash=sha256:8b2d7d7c37f2447373aa2cf8b1f60a2f2b27a84e1e9e0294a3f6ef10eb3ba6bb \
    --hash=sha256:9b75e958f14c5a2614bae415f2adf7eeb54d50a2cfbe7e24fd4826471bac3625
pip-audit==2.10.1 \
    --hash=sha256:1eb4565d19ebe5d48996f4b770b4d2b32887e12cb12cfa637f1a064011b55ffc \
    --hash=sha256:99ef3f600a317c1945f1e89e227ef26e1c2d618429b8bd3fa6f4f7c440c4611a
pip-requirements-parser==32.0.1 \
    --hash=sha256:4659bc2a667783e7a15d190f6fccf8b2486685b6dba4c19c3876314769c57526 \
    --hash=sha256:b4fa3a7a0be38243123cf9d1f3518da10c51bdb165a2b2985566247f9155a7d3
platformdirs==4.11.2 \
    --hash=sha256:3a2ae5fca3520a01ab1be8b45613537f52ddf5b5f6f53d88233892dfbf0cd82d \
    --hash=sha256:7f89089b6ea71bda7962953edcf784b2e2d9d285b40ad88be2bb75c6e9d82ab4
py-serializable==2.1.0 \
    --hash=sha256:9d5db56154a867a9b897c0163b33a793c804c80cee984116d02d49e4578fc103 \
    --hash=sha256:b56d5d686b5a03ba4f4db5e769dc32336e142fc3bd4d68a8c25579ebb0a67304
pycryptodome==3.23.0 \
    --hash=sha256:0011f7f00cdb74879142011f95133274741778abba114ceca229adbf8e62c3e4 \
    --hash=sha256:11eeeb6917903876f134b56ba11abe95c0b0fd5e3330def218083c7d98bbcb3c \
    --hash=sha256:14e15c081e912c4b0d75632acd8382dfce45b258667aa3c67caf7a4d4c13f630 \
    --hash=sha256:156df9667ad9f2ad26255926524e1c136d6664b741547deb0a86a9acf5ea631f \
    --hash=sha256:187058ab80b3281b1de11c2e6842a357a1f71b42cb1e15bce373f3d238135c27 \
    --hash=sha256:257bb3572c63ad8ba40b89f6fc9d63a2a628e9f9708d31ee26560925ebe0210a \
    --hash=sha256:350ebc1eba1da729b35ab7627a833a1a355ee4e852d8ba0447fafe7b14504d56 \
    --hash=sha256:447700a657182d60338bab09fdb27518f8856aecd80ae4c6bdddb67ff5da44ef \
    --hash=sha256:45c69ad715ca1a94f778215a11e66b7ff989d792a4d63b68dc586a1da1392ff5 \
    --hash=sha256:4764e64b269fc83b00f682c47443c2e6e85b18273712b98aa43bcb77f8570477 \
    --hash=sha256:507dbead45474b62b2bbe318eb1c4c8ee641077532067fec9c1aa82c31f84886 \
    --hash=sha256:53ecbafc2b55353edcebd64bf5da94a2a2cdf5090a6915bcca6eca6cc452585a \
    --hash=sha256:573a0b3017e06f2cffd27d92ef22e46aa3be87a2d317a5abf7cc0e84e321bd75 \
    --hash=sha256:63dad881b99ca653302b2c7191998dd677226222a3f2ea79999aa51ce695f720 \
    --hash=sha256:64093fc334c1eccfd3933c134c4457c34eaca235eeae49d69449dc4728079339 \
    --hash=sha256:6501790c5b62a29fcb227bd6b62012181d886a767ce9ed03b303d1f22eb5c625 \
    --hash=sha256:67bd81fcbe34f43ad9422ee8fd4843c8e7198dd88dd3d40e6de42ee65fbe1490 \
    --hash=sha256:6fe8258e2039eceb74dfec66b3672552b6b7d2c235b2dfecc05d16b8921649a8 \
    --hash=sha256:763d1d74f56f031788e5d307029caef067febf890cd1f8bf61183ae142f1a77b \
    --hash=sha256:7ac1080a8da569bde76c0a104589c4f414b8ba296c0b3738cf39a466a9fb1818 \
    --hash=sha256:865d83c906b0fc6a59b510deceee656b6bc1c4fa0d82176e2b77e97a420a996a \
    --hash=sha256:89d4d56153efc4d81defe8b65fd0821ef8b2d5ddf8ed19df31ba2f00872b8002 \
    --hash=sha256:90460fc9e088ce095f9ee8356722d4f10f86e5be06e2354230a9880b9c549aae \
    --hash=sha256:93837e379a3e5fd2bb00302a47aee9fdf7940d83595be3915752c74033d17ca7 \
    --hash=sha256:954af0e2bd7cea83ce72243b14e4fb518b18f0c1649b576d114973e2073b273d \
    --hash=sha256:9a53a4fe5cb075075d515797d6ce2f56772ea7e6a1e5e4b96cf78a14bac3d265 \
    --hash=sha256:9a77627a330ab23ca43b48b130e202582e91cc69619947840ea4d2d1be21eb39 \
    --hash=sha256:a176b79c49af27d7f6c12e4b178b0824626f40a7b9fed08f712291b6d54bf566 \
    --hash=sha256:a7fc76bf273353dc7e5207d172b83f569540fc9a28d63171061c42e361d22353 \
    --hash=sha256:aa0698f65e5b570426fc31b8162ed4603b0c2841cbb9088e2b01641e3065915b \
    --hash=sha256:b34e8e11d97889df57166eda1e1ddd7676da5fcd4d71a0062a760e75060514b4 \
    --hash=sha256:c75b52aacc6c0c260f204cbdd834f76edc9fb0d8e0da9fbf8352ef58202564e2 \
    --hash=sha256:c8987bd3307a39bc03df5c8e0e3d8be0c4c3518b7f044b0f4c15d1aa78f52575 \
    --hash=sha256:ce64e84a962b63a47a592690bdc16a7eaf709d2c2697ababf24a0def566899a6 \
    --hash=sha256:cfb5cd445280c5b0a4e6187a7ce8de5a07b5f3f897f235caa11f1f435f182843 \
    --hash=sha256:d8e95564beb8782abfd9e431c974e14563a794a4944c29d6d3b7b5ea042110b4 \
    --hash=sha256:d97618c9c6684a97ef7637ba43bdf6663a2e2e77efe0f863cce97a76af396446 \
    --hash=sha256:ddb95b49df036ddd264a0ad246d1be5b672000f12d6961ea2c267083a5e19379 \
    --hash=sha256:dea827b4d55ee390dc89b2afe5927d4308a8b538ae91d9c6f7a5090f397af1aa \
    --hash=sha256:e3f2d0aaf8080bda0587d58fc9fe4766e012441e2eed4269a77de6aea981c8be \
    --hash=sha256:eb8f24adb74984aa0e5d07a2368ad95276cf38051fe2dc6605cbcf482e04f2a7
pygments==2.20.0 \
    --hash=sha256:6757cd03768053ff99f3039c1a36d6c0aa0b263438fcab17520b30a303a82b5f \
    --hash=sha256:81a9e26dd42fd28a23a2d169d86d7ac03b46e2f8b59ed4698fb4785f946d0176
pyparsing==3.3.2 \
    --hash=sha256:850ba148bd908d7e2411587e247a1e4f0327839c40e2e5e6d05a007ecc69911d \
    --hash=sha256:c777f4d763f140633dcb6d8a3eda953bf7a214dc4eff598413c070bcdc117cbc
referencing==0.37.0 \
    --hash=sha256:381329a9f99628c9069361716891d34ad94af76e461dcb0335825aecc7692231 \
    --hash=sha256:44aefc3142c5b842538163acb373e24cce6632bd54bdb01b21ad5863489f50d8
requests==2.34.2 \
    --hash=sha256:2a0d60c172f83ac6ab31e4554906c0f3b3588d37b5cb939b1c061f4907e278e0 \
    --hash=sha256:f288924cae4e29463698d6d60bc6a4da69c89185ad1e0bcc4104f584e960b9ed
rich==15.0.0 \
    --hash=sha256:33bd4ef74232fb73fe9279a257718407f169c09b78a87ad3d296f548e27de0bb \
    --hash=sha256:edd07a4824c6b40189fb7ac9bc4c52536e9780fbbfbddf6f1e2502c31b068c36
rpds-py==2026.6.3 \
    --hash=sha256:0be972be84cfcaf46c8c6edf690ca0f154ac17babf1f6a955a51579b34ad2dc5 \
    --hash=sha256:127565fead0a10943b282957bd5447804ff3160ad79f2ad2635e6d249e380680 \
    --hash=sha256:127e08c0642d880cf32ca47ec2a4a77b901f7e2dd1ad9762adb13955d72ffcc9 \
    --hash=sha256:166cf54d9f44fc6ceb53c7860258dde44a81406646de79f8ed3234fca3b6e538 \
    --hash=sha256:168c733a7112e071bb7a66460e667edfcff06c017a3c523f7a8a8e08d0140804 \
    --hash=sha256:1967debc37f64f2c4dc90a7f563aec558b471966e12adcac4e1c4240496b6ebf \
    --hash=sha256:1cebd1337c242e4ec2293e541f712b2da849b29f48f0c293684b71c0632625d4 \
    --hash=sha256:1cf01971c4f2c5553b772a542e4aaf191789cd331bc2cd4ff0e6e65ba49e1e97 \
    --hash=sha256:1e5822dfc2f0d4ab7e745eaa6d85945069329beeccef965af3f3bb26058fcab6 \
    --hash=sha256:22bffe6042b9bcb0822bcd1955ec00e245daf17b4344e4ed8e9551b976b63e96 \
    --hash=sha256:23a439f31ccbeff1574e24889128821d1f7917470e830cf6544dced1c662262a \
    --hash=sha256:24e9c5386e16669b674a69c156c8eeefcb578f3b3397b713b08e6d60f3c7b187 \
    --hash=sha256:270b293dae9058fc9fcedab50f13cebf46fb8ed1d1d54e0521a9da5d6b211975 \
    --hash=sha256:29dfa0533a5d4c94d4dfa1b694fcb56c9c63aad8330ffdd816fd225d0a7a162f \
    --hash=sha256:2a9c6f195058cb45335e8cc3802745c603d716eb96bc9625950c1aac71c0c703 \
    --hash=sha256:2bfd04c19ddbd6640de0b51894d764bd2758854d5b75bd102d2ef10cb9c293a9 \
    --hash=sha256:2c54a076ca4d370980ab57bc0e31df57bbe8d41340436a90ef8b1219a3cbb127 \
    --hash=sha256:2c958bf94822e9290a40aaf2a822d4bc5c88099093e3948ad6c571eca9272e5f \
    --hash=sha256:2c99f7e8ccb3dd6e3e4bfeac657a7b208c9bac8075f4b078c02d7404c34107fa \
    --hash=sha256:2f7c26fbc5acd2522b95d4177fe4710ffd8e9b20529e703ffbf8db4d93903f05 \
    --hash=sha256:30c6dc199b24a5e3e81d50da0f00858c5bbdb2617a750395687f4339c5818171 \
    --hash=sha256:38a2fea2787428f811719ceb9114cb78964a3138838320c29ac39526c79c16ba \
    --hash=sha256:3a83ae6c67b7676b9878378547ca8e93ed77a580037bcbcd1d32f739e1e6089c \
    --hash=sha256:3cfe765c1da0072636ca06628261e0ea05688e160d5c8a03e0217c3854037223 \
    --hash=sha256:421aba32367055614287a4292b6a17f1939c9452299f7a0209c117e990b646d4 \
    --hash=sha256:425560c6fa0415f27261727bb20bd097568485e5eb0c121f1949417d1c516885 \
    --hash=sha256:4470ce197d4090875cf6affbf1f853338387428df97c4fb7b7106317b8214698 \
    --hash=sha256:4cf2d36a2357e4d07bb5a4f98801265327b48256867816cfd2ceb001e9754a8f \
    --hash=sha256:4f4bca01b63096f606e095734dd56e74e175f94cfbf24ff3d63281cec61f7bb7 \
    --hash=sha256:501f9f04a588d6a09179368c57071301445191767c64e4b52a6aa9871f1ef5ed \
    --hash=sha256:536bceea4fa4acf7e1c61da2b5786304367c816c8895be71b8f537c480b0ea1f \
    --hash=sha256:538949e262e46caa31ac01bdb3c1e8f642622922cacbabbae6a8445d9dc33eaf \
    --hash=sha256:539d75de9e0d536c84ff18dfeb805398e58227001ce09231a26a08b9aed1ee0e \
    --hash=sha256:54f45a148e28767bf343d33a684693c70e451c6f4c0e9904709a723fafbdfc1f \
    --hash=sha256:55927d532399c2c646100ff7feb48eaa940ad70f42cd68e1328f3ded9f81ca24 \
    --hash=sha256:58eadac9cd119677b60e1cf8ac4052f35949d71b8a9e5556efccbe82533cf22a \
    --hash=sha256:5e8d07bddee435a2ff6f1920e18feff28d0bc4533e42f4bf6927fbd073312c41 \
    --hash=sha256:62698275682bf121181861295c9181e789030a2d516071f5b8f3c23c170cd0fc \
    --hash=sha256:639c8929aa0afe81be836b04de888460d6bed38b9c54cfc18da8f6bfabf5af5d \
    --hash=sha256:67e3a721ffc5d8d2210d3671872298c4a84e4b8035cfe42ffd7cde35d772b146 \
    --hash=sha256:6de4744d05bd1aa1be4ed7ea1189e3979196808008113bbbf899a460966b925e \
    --hash=sha256:6e84adbcf4bf841aed8116a8264b9f50b4cb3e7bd89b516122e616ac56ca269e \
    --hash=sha256:7491ee23305ac3eb59e492b6945881f5cd77a6f731061a3f25b77fd40f9e99a4 \
    --hash=sha256:79486287de1730dbaff3dbd124d0ca4d2ef7f9d29bf2544f1f93c09b5bcbbd12 \
    --hash=sha256:7b689145a1485c335569bd056464f3243a29af7ed3871c7be31ad624ba239bc7 \
    --hash=sha256:7f88d653e7b3b779d71ae7454e20dcc9b6bae903f33c269db9f2be41bda3f261 \
    --hash=sha256:8020133a74bd81b4572dd8e4be028a6b1ebcd70e6726edc3918008c08bee6ee6 \
    --hash=sha256:808345f53cb952433ca2816f1604ff3515608a81784954f38d4452acfe8e61d5 \
    --hash=sha256:83e35b57523816c8613fd0776b40cd8bb9f596b37ddd2692eb4a6bb5ab2f8c93 \
    --hash=sha256:842e7b070435622248c7a2c44ae53fa1440e073cc3023bc919fed570884097a7 \
    --hash=sha256:847927daf4cffbd4e90e42bc890069897101edd015f956cb8721b3473372edda \
    --hash=sha256:882076c00c0a608b131187055ddc5ae29f2e7eaf870d6168980420d58528a5c8 \
    --hash=sha256:8b95977e7211527ab0ba576e286d023389fbeeb32a6b7b771665d333c60e5342 \
    --hash=sha256:8bb68f03f395eb793220b45c097bd4d8c32944393da0fad8b999efac0868fc8c \
    --hash=sha256:8c2642a7603ec0b16ed77da4555db3b4b472341904873788327c0b0d7b95f1bb \
    --hash=sha256:8c3d1e9c15b9d51ca0391e13da1a25a0a4df3c58a37c9dc368e0736cf7f69df0 \
    --hash=sha256:8c6e5a2f750cc71c3e3b11d71661f21d6f9bc6cebc6564b1466417a1ec03ec77 \
    --hash=sha256:8d2294a31386bfa251d8c8a39472beee17db67d4f1a6eabea665d35c9a4461c3 \
    --hash=sha256:8e4320744c1ffdd95a603def63344bfab2d33edeab301c5007e7de9f9f5b3885 \
    --hash=sha256:8e65860d238379ed982fd9ba690579b5e95af2f4840f99c772816dbe573cb826 \
    --hash=sha256:8f2e5c5ee828d42cb11760761c0af6507927bec42d0ad5458f97c9203b054617 \
    --hash=sha256:900a67df3fd1660b035a4761c4ce73c382ea6b35f90f9863c36c6fd8bf8b09bb \
    --hash=sha256:913ca42ccad3f8cc6e292b587ae8ae49c8c823e5dce51a736252fc7c7cdfa577 \
    --hash=sha256:9250a9a0a6fd4648b3f868da8d91a4c52b5811a62df58e753d50ae4454a36f80 \
    --hash=sha256:931908d9fc855d8f74783377822be318edb6dcb19e47169dc038f9a1bf60b06e \
    --hash=sha256:9826217f048f620d9a712672818bf231442c1b35d96b227a07eabd11b4bb6945 \
    --hash=sha256:9891e594296ab9dada6551c8e7b387b2721f27a67eecd528412e8906247a7b90 \
    --hash=sha256:9c1255b302953c86a486b81d330d5ee1d5bd937691ce271b6be0ef0e299eaab7 \
    --hash=sha256:a0811d33247c3d6128a3001d763f2aa056bb3425204335400ac54f89eec3a0d0 \
    --hash=sha256:a136d453475ac0fcbda502ef1e6504bd28d6d904700915d278deeab0d00fe140 \
    --hash=sha256:a214c993455f99a89aaeadc9b21241900037adc9d97203e374d75513c5911822 \
    --hash=sha256:a3086b538543802f84c843911242db20447de00d8752dd0efc936dbcf02218ba \
    --hash=sha256:a3450b693fde92133e9f51060568a4c31fcca76d5e53bbd611e689ca446517e9 \
    --hash=sha256:a550fb4950a06dde3beb4721f5ad4b25bf4513784665b0a8522c792e2bd822a4 \
    --hash=sha256:a9f4645593036b81bbdb36b9c8e0ea0d1c3fee968c4d59db0344c14087ef143a \
    --hash=sha256:aca6c1ef08a82bfe327cc156da694660f599923e2e6665b6d81c9c2d0ac9ffc8 \
    --hash=sha256:acac386b453c2516111b50985d60ce46e7fadb5ea71ae7b25f4c946935bf27cf \
    --hash=sha256:acc992ab27b15f852c76755eb2ab7dce86585ddadba6fa5946e58556088845b4 \
    --hash=sha256:ae3d4fe8c0b9213624fdce7279d70e3b148b682ca20719ebd193a23ebfa47324 \
    --hash=sha256:ae50181a047c871561212bb97f7932a2d45fb53e947bd9b57ebad85b529cbc53 \
    --hash=sha256:ae6dd8f10bd17aad820876d24caec9efdafd80a318d16c0a48edb5e136902c6b \
    --hash=sha256:af05d726809bff6b141be124d4c7ce998f9c9c7f30edb1f46c07aa103d540b41 \
    --hash=sha256:afd70d95892096cdb26f15a00c45907b17817577aa8d1c76b2dcc2788391f9e9 \
    --hash=sha256:b5c2dc92304aa48a4a60443b548bb12f12e119d4b72f314015e67b9e1be97fca \
    --hash=sha256:bc0011654b91cc4fb2ae701bec0a0ba1e552c0714247fa7af6c59e0ccfa3a4e1 \
    --hash=sha256:bcfbcf66006befb9fd2aeaa9e01feaf881b4dc330a02ba07d2322b1c11be7b5d \
    --hash=sha256:bdbd97738551fca3917c1bd7188bec1920bb520104f28e7e1007f9ceb17b7690 \
    --hash=sha256:c60924535c75f1566b6eb75b5c31a48a43fef04fa2d0d201acbad8a9969c6107 \
    --hash=sha256:c7b9a2f8f4d8e90af72571d3d495deebdd7e3c75451f5b41719aee166e940fc2 \
    --hash=sha256:ca6546b66be9dc4738b1b043d5ebd5488c66c578c5ff0fd0e8065313fe3afb76 \
    --hash=sha256:ccffae9a092a00deb7efd545fe5e2c33c33b88e7c054337e9a74c179347d0b7d \
    --hash=sha256:cdc7e35386f3847df728fbcb5e887e2d79c19e2fa1eba9e51b6621d23e3243af \
    --hash=sha256:d15fde0e6fb0d88a60d221204873743e5d9f0b7d29165e62cd86d0413ad74ba6 \
    --hash=sha256:d34c20167764fbcf927194d532dd7e0c56772f0a5f943fa5ef9e9afbba8fb9db \
    --hash=sha256:d483fe17f01ad64b7bf7cc38fcefff1ca9fb83f8c2b2542b68f97ffe0611b369 \
    --hash=sha256:d7469697dce35be237db177d42e2a2ee26e6dcc5fc052078a6fefabd288c6edd \
    --hash=sha256:db08f45aecde626498fb3df07bcf6d2ec040af42e859a4f5040d79c200342911 \
    --hash=sha256:dc319e5a1de4b6913aac94bf6a2f9e847371e0a140a43dd4991db1a09bc2d504 \
    --hash=sha256:de3eceba0b683bcbb1ab93da016d0270df1f9ae7be716b40214c5dafac6ea45a \
    --hash=sha256:dfcc8b909769d19db55c7cc9541eb64b9b774b1057ffffb4f1048070475bb9f9 \
    --hash=sha256:e059c5dde6452b44424bd1834557556c226b57781dee1227af23518459722b13 \
    --hash=sha256:e4316bf32babbed84e691e352faf967ce2f0f024174a8643c37c94a1080374fc \
    --hash=sha256:e52655eaf81e32593abedaa4bfe33170c8cfedf3365ed9be6e11e07f148f0278 \
    --hash=sha256:e55d236be29255554da47abe5c577637db7c24a02b8b46f0ca9524c855801868 \
    --hash=sha256:ea7bb13b7c9a29791f87a0387ba7d3ad3a6d783d827e4d3f27b40a0ff44495e2 \
    --hash=sha256:ea964164cc9afa72d4d9b23cc28dafae93693c0a53e0b42acbff15b22c3f9ddd \
    --hash=sha256:ec829541c45bca16e61c7ae50c20501f213605beb75d1aba91a6ee37fbbb56a4 \
    --hash=sha256:ecabd69db66de867690f9797f2f8fa27ba501bbc24540cbdbdc649cd15888ba6 \
    --hash=sha256:ed0c1e5d10cdc7135537988c74a0188da68e2f3c30813ba3744ab1e42e0480f9 \
    --hash=sha256:f0840b5b17057f7fd918b76183a4b5a0635f43e14eb2ce60dce1d4ee4707ea00 \
    --hash=sha256:f4d78253f6996be4901669ad25319f842f740eccf4d58e3c7f3dd39e6dde1d8f \
    --hash=sha256:f56f1695bc5c0871cbc33dc0130fcf503aab0c57dcc5a6700a4f49eba4f2652e \
    --hash=sha256:f826877d462181e5eb1c26a0026b8d0cab05d99844ecb6d8bf3627a2ca0c0442 \
    --hash=sha256:f8f23ead891a3b762f35ab3b04623da7056545b48aa60d59957e6789914545da \
    --hash=sha256:f90938e92afda60266da758ee7d363447f7f0138c9559f9e1811629580582d90 \
    --hash=sha256:faa679d19a6696fd54259ad321251ad77a13e70e03dd834daa762a44fb6196ef
setuptools==84.0.0 \
    --hash=sha256:51a52592b3b99e102b609654876bd65f19f999935166d1352678931132b0c670 \
    --hash=sha256:f4695c21257f0d9b537ec2692c941d02ee143b7cc1276941349a546573b2ef73
sortedcontainers==2.4.0 \
    --hash=sha256:25caa5a06cc30b6b83d11423433f65d1f9d76c4c6a0c90e3379eaa43b9bfdb88 \
    --hash=sha256:a163dcaede0f1c021485e957a39245190e74249897e2ae4b2aa38595db237ee0
tomli==2.4.1 \
    --hash=sha256:01f520d4f53ef97964a240a035ec2a869fe1a37dde002b57ebc4417a27ccd853 \
    --hash=sha256:0d85819802132122da43cb86656f8d1f8c6587d54ae7dcaf30e90533028b49fe \
    --hash=sha256:136443dbd7e1dee43c68ac2694fde36b2849865fa258d39bf822c10e8068eac5 \
    --hash=sha256:1d8591993e228b0c930c4bb0db464bdad97b3289fb981255d6c9a41aedc84b2d \
    --hash=sha256:2190f2e9dd7508d2a90ded5ed369255980a1bcdd58e52f7fe24b8162bf9fedbd \
    --hash=sha256:2c1c351919aca02858f740c6d33adea0c5deea37f9ecca1cc1ef9e884a619d26 \
    --hash=sha256:36d2bd2ad5fb9eaddba5226aa02c8ec3fa4f192631e347b3ed28186d43be6b54 \
    --hash=sha256:3d48a93ee1c9b79c04bb38772ee1b64dcf18ff43085896ea460ca8dec96f35f6 \
    --hash=sha256:47149d5bd38761ac8be13a84864bf0b7b70bc051806bc3669ab1cbc56216b23c \
    --hash=sha256:4ab97e64ccda8756376892c53a72bd1f964e519c77236368527f758fbc36a53a \
    --hash=sha256:4b605484e43cdc43f0954ddae319fb75f04cc10dd80d830540060ee7cd0243cd \
    --hash=sha256:504aa796fe0569bb43171066009ead363de03675276d2d121ac1a4572397870f \
    --hash=sha256:51529d40e3ca50046d7606fa99ce3956a617f9b36380da3b7f0dd3dd28e68cb5 \
    --hash=sha256:52c8ef851d9a240f11a88c003eacb03c31fc1c9c4ec64a99a0f922b93874fda9 \
    --hash=sha256:559db847dc486944896521f68d8190be1c9e719fced785720d2216fe7022b662 \
    --hash=sha256:5a881ab208c0baf688221f8cecc5401bd291d67e38a1ac884d6736cbcd8247e9 \
    --hash=sha256:5cb41aa38891e073ee49d55fbc7839cfdb2bc0e600add13874d048c94aadddd1 \
    --hash=sha256:5e262d41726bc187e69af7825504c933b6794dc3fbd5945e41a79bb14c31f585 \
    --hash=sha256:5ee18d9ebdb417e384b58fe414e8d6af9f4e7a0ae761519fb50f721de398dd4e \
    --hash=sha256:7008df2e7655c495dd12d2a4ad038ff878d4ca4b81fccaf82b714e07eae4402c \
    --hash=sha256:734e20b57ba95624ecf1841e72b53f6e186355e216e5412de414e3c51e5e3c41 \
    --hash=sha256:7c7e1a961a0b2f2472c1ac5b69affa0ae1132c39adcb67aba98568702b9cc23f \
    --hash=sha256:7f86fd587c4ed9dd76f318225e7d9b29cfc5a9d43de44e5754db8d1128487085 \
    --hash=sha256:7f94b27a62cfad8496c8d2513e1a222dd446f095fca8987fceef261225538a15 \
    --hash=sha256:88dceee75c2c63af144e456745e10101eb67361050196b0b6af5d717254dddf7 \
    --hash=sha256:8a650c2dbafa08d42e51ba0b62740dae4ecb9338eefa093aa5c78ceb546fcd5c \
    --hash=sha256:8d65a2fbf9d2f8352685bc1364177ee3923d6baf5e7f43ea4959d7d8bc326a36 \
    --hash=sha256:96481a5786729fd470164b47cdb3e0e58062a496f455ee41b4403be77cb5a076 \
    --hash=sha256:a120733b01c45e9a0c34aeef92bf0cf1d56cfe81ed9d47d562f9ed591a9828ac \
    --hash=sha256:b1d22e6e9387bf4739fbe23bfa80e93f6b0373a7f1b96c6227c32bef95a4d7a8 \
    --hash=sha256:b8c198f8c1805dc42708689ed6864951fd2494f924149d3e4bce7710f8eb5232 \
    --hash=sha256:c2541745709bad0264b7d4705ad453b76ccd191e64aa6f0fc66b69a293a45ece \
    --hash=sha256:c742f741d58a28940ce01d58f0ab2ea3ced8b12402f162f4d534dfe18ba1cd6a \
    --hash=sha256:c7f2c7f2b9ca6bdeef8f0fa897f8e05085923eb091721675170254cbc5b02897 \
    --hash=sha256:d312ef37c91508b0ab2cee7da26ec0b3ed2f03ce12bd87a588d771ae15dcf82d \
    --hash=sha256:d4d8fe59808a54658fcc0160ecfb1b30f9089906c50b23bcb4c69eddc19ec2b4 \
    --hash=sha256:da25dc3563bff5965356133435b757a795a17b17d01dbc0f42fb32447ddfd917 \
    --hash=sha256:eab21f45c7f66c13f2a9e0e1535309cee140182a9cdae1e041d02e47291e8396 \
    --hash=sha256:eb0dc4e38e6a1fd579e5d50369aa2e10acfc9cace504579b2faabb478e76941a \
    --hash=sha256:ec9bfaf3ad2df51ace80688143a6a4ebc09a248f6ff781a9945e51937008fcbc \
    --hash=sha256:ede3e6487c5ef5d28634ba3f31f989030ad6af71edfb0055cbbd14189ff240ba \
    --hash=sha256:f3c6818a1a86dd6dca7ddcaaf76947d5ba31aecc28cb1b67009a5877c9a64f3f \
    --hash=sha256:f758f1b9299d059cc3f6546ae2af89670cb1c4d48ea29c3cacc4fe7de3058257 \
    --hash=sha256:f8f0fc26ec2cc2b965b7a3b87cd19c5c6b8c5e5f436b984e85f486d652285c30 \
    --hash=sha256:fd0409a3653af6c147209d267a0e4243f0ae46b011aa978b1080359fddc9b6cf \
    --hash=sha256:ff18e6a727ee0ab0388507b89d1bc6a22b138d1e2fa56d1ad494586d61d2eae9 \
    --hash=sha256:ff2983983d34813c1aeb0fa89091e76c3a22889ee83ab27c5eeb45100560c049
tomli-w==1.2.0 \
    --hash=sha256:188306098d013b691fcadc011abd66727d3c414c571bb01b1a174ba8c983cf90 \
    --hash=sha256:2dd14fac5a47c27be9cd4c976af5a12d87fb1f0b4512f81d69cce3b35ae25021
typing-extensions==4.16.0 ; python_full_version < '3.13' \
    --hash=sha256:481caa481374e813c1b176ada14e97f1f67a4539ce9cfeb3f350d78d6370c2e8 \
    --hash=sha256:dc983d19a509c94dba722ee6abd33940f7c05a89e243c47e907eb4db6f1a43e5
urllib3==2.7.0 \
    --hash=sha256:231e0ec3b63ceb14667c67be60f2f2c40a518cb38b03af60abc813da26505f4c \
    --hash=sha256:9fb4c81ebbb1ce9531cce37674bbc6f1360472bc18ca9a553ede278ef7276897
